#Artur Glogowski <aglogows@redhat.com>
---
# This playbook disables Windows screen locking mechanism

- name: Disable Windows screen lock
  hosts: ad.example.net
  gather_facts: false
  tasks:
    - name: Disable screen locking mechanism 
      win_command: c:\windows\system32\powercfg.exe -change -monitor-timeout-ac 0 
      ignore_errors: true
